// !$*UTF8*$!
{
	archiveVersion = 1;
	classes = {
	};
	objectVersion = 46;
	objects = {

/* Begin PBXBuildFile section */
		773DF55D54934D6B9D285AC2 /* libPods.a in Frameworks */ = {isa = PBXBuildFile; fileRef = 29ABAC85B4014AD9BB6C3939 /* libPods.a */; };
		876EDA8A18B32933005ABA24 /* RKFeedViewController.m in Sources */ = {isa = PBXBuildFile; fileRef = 876EDA8918B32933005ABA24 /* RKFeedViewController.m */; };
		876EDA8D18B32B57005ABA24 /* RKFeedView.m in Sources */ = {isa = PBXBuildFile; fileRef = 876EDA8C18B32B57005ABA24 /* RKFeedView.m */; };
		8798936B18B1A20300CEBDC6 /* Foundation.framework in Frameworks */ = {isa = PBXBuildFile; fileRef = 8798936A18B1A20300CEBDC6 /* Foundation.framework */; };
		8798936D18B1A20300CEBDC6 /* CoreGraphics.framework in Frameworks */ = {isa = PBXBuildFile; fileRef = 8798936C18B1A20300CEBDC6 /* CoreGraphics.framework */; };
		8798936F18B1A20300CEBDC6 /* UIKit.framework in Frameworks */ = {isa = PBXBuildFile; fileRef = 8798936E18B1A20300CEBDC6 /* UIKit.framework */; };
		8798937518B1A20300CEBDC6 /* InfoPlist.strings in Resources */ = {isa = PBXBuildFile; fileRef = 8798937318B1A20300CEBDC6 /* InfoPlist.strings */; };
		8798937718B1A20300CEBDC6 /* main.m in Sources */ = {isa = PBXBuildFile; fileRef = 8798937618B1A20300CEBDC6 /* main.m */; };
		8798937B18B1A20300CEBDC6 /* RKAppDelegate.m in Sources */ = {isa = PBXBuildFile; fileRef = 8798937A18B1A20300CEBDC6 /* RKAppDelegate.m */; };
		8798937D18B1A20300CEBDC6 /* Images.xcassets in Resources */ = {isa = PBXBuildFile; fileRef = 8798937C18B1A20300CEBDC6 /* Images.xcassets */; };
		8798938418B1A20300CEBDC6 /* XCTest.framework in Frameworks */ = {isa = PBXBuildFile; fileRef = 8798938318B1A20300CEBDC6 /* XCTest.framework */; };
		8798938518B1A20300CEBDC6 /* Foundation.framework in Frameworks */ = {isa = PBXBuildFile; fileRef = 8798936A18B1A20300CEBDC6 /* Foundation.framework */; };
		8798938618B1A20300CEBDC6 /* UIKit.framework in Frameworks */ = {isa = PBXBuildFile; fileRef = 8798936E18B1A20300CEBDC6 /* UIKit.framework */; };
		8798938E18B1A20300CEBDC6 /* InfoPlist.strings in Resources */ = {isa = PBXBuildFile; fileRef = 8798938C18B1A20300CEBDC6 /* InfoPlist.strings */; };
		8798939018B1A20300CEBDC6 /* freddyTests.m in Sources */ = {isa = PBXBuildFile; fileRef = 8798938F18B1A20300CEBDC6 /* freddyTests.m */; };
		87A4AD5D18B2B54700E13638 /* RKFeedNavigationController.m in Sources */ = {isa = PBXBuildFile; fileRef = 87A4AD5C18B2B54700E13638 /* RKFeedNavigationController.m */; };
		AFE473F85A384C289AB86E2B /* libPods-freddyTests.a in Frameworks */ = {isa = PBXBuildFile; fileRef = 5759B6A253464DA7BE34797B /* libPods-freddyTests.a */; };
/* End PBXBuildFile section */

/* Begin PBXContainerItemProxy section */
		8798938718B1A20300CEBDC6 /* PBXContainerItemProxy */ = {
			isa = PBXContainerItemProxy;
			containerPortal = 8798935F18B1A20300CEBDC6 /* Project object */;
			proxyType = 1;
			remoteGlobalIDString = 8798936618B1A20300CEBDC6;
			remoteInfo = freddy;
		};
/* End PBXContainerItemProxy section */

/* Begin PBXFileReference section */
		29ABAC85B4014AD9BB6C3939 /* libPods.a */ = {isa = PBXFileReference; explicitFileType = archive.ar; includeInIndex = 0; path = libPods.a; sourceTree = BUILT_PRODUCTS_DIR; };
		4EFA5F63BC1641CBBFACFA3C /* Pods-freddyTests.xcconfig */ = {isa = PBXFileReference; includeInIndex = 1; lastKnownFileType = text.xcconfig; name = "Pods-freddyTests.xcconfig"; path = "Pods/Pods-freddyTests.xcconfig"; sourceTree = "<group>"; };
		5759B6A253464DA7BE34797B /* libPods-freddyTests.a */ = {isa = PBXFileReference; explicitFileType = archive.ar; includeInIndex = 0; path = "libPods-freddyTests.a"; sourceTree = BUILT_PRODUCTS_DIR; };
		876EDA8818B32933005ABA24 /* RKFeedViewController.h */ = {isa = PBXFileReference; fileEncoding = 4; lastKnownFileType = sourcecode.c.h; path = RKFeedViewController.h; sourceTree = "<group>"; };
		876EDA8918B32933005ABA24 /* RKFeedViewController.m */ = {isa = PBXFileReference; fileEncoding = 4; lastKnownFileType = sourcecode.c.objc; path = RKFeedViewController.m; sourceTree = "<group>"; };
		876EDA8B18B32B57005ABA24 /* RKFeedView.h */ = {isa = PBXFileReference; fileEncoding = 4; lastKnownFileType = sourcecode.c.h; path = RKFeedView.h; sourceTree = "<group>"; };
		876EDA8C18B32B57005ABA24 /* RKFeedView.m */ = {isa = PBXFileReference; fileEncoding = 4; lastKnownFileType = sourcecode.c.objc; path = RKFeedView.m; sourceTree = "<group>"; };
		8798936718B1A20300CEBDC6 /* freddy.app */ = {isa = PBXFileReference; explicitFileType = wrapper.application; includeInIndex = 0; path = freddy.app; sourceTree = BUILT_PRODUCTS_DIR; };
		8798936A18B1A20300CEBDC6 /* Foundation.framework */ = {isa = PBXFileReference; lastKnownFileType = wrapper.framework; name = Foundation.framework; path = System/Library/Frameworks/Foundation.framework; sourceTree = SDKROOT; };
		8798936C18B1A20300CEBDC6 /* CoreGraphics.framework */ = {isa = PBXFileReference; lastKnownFileType = wrapper.framework; name = CoreGraphics.framework; path = System/Library/Frameworks/CoreGraphics.framework; sourceTree = SDKROOT; };
		8798936E18B1A20300CEBDC6 /* UIKit.framework */ = {isa = PBXFileReference; lastKnownFileType = wrapper.framework; name = UIKit.framework; path = System/Library/Frameworks/UIKit.framework; sourceTree = SDKROOT; };
		8798937218B1A20300CEBDC6 /* freddy-Info.plist */ = {isa = PBXFileReference; lastKnownFileType = text.plist.xml; path = "freddy-Info.plist"; sourceTree = "<group>"; };
		8798937418B1A20300CEBDC6 /* en */ = {isa = PBXFileReference; lastKnownFileType = text.plist.strings; name = en; path = en.lproj/InfoPlist.strings; sourceTree = "<group>"; };
		8798937618B1A20300CEBDC6 /* main.m */ = {isa = PBXFileReference; lastKnownFileType = sourcecode.c.objc; path = main.m; sourceTree = "<group>"; };
		8798937818B1A20300CEBDC6 /* freddy-Prefix.pch */ = {isa = PBXFileReference; lastKnownFileType = sourcecode.c.h; path = "freddy-Prefix.pch"; sourceTree = "<group>"; };
		8798937918B1A20300CEBDC6 /* RKAppDelegate.h */ = {isa = PBXFileReference; lastKnownFileType = sourcecode.c.h; path = RKAppDelegate.h; sourceTree = "<group>"; };
		8798937A18B1A20300CEBDC6 /* RKAppDelegate.m */ = {isa = PBXFileReference; lastKnownFileType = sourcecode.c.objc; path = RKAppDelegate.m; sourceTree = "<group>"; };
		8798937C18B1A20300CEBDC6 /* Images.xcassets */ = {isa = PBXFileReference; lastKnownFileType = folder.assetcatalog; path = Images.xcassets; sourceTree = "<group>"; };
		8798938218B1A20300CEBDC6 /* freddyTests.xctest */ = {isa = PBXFileReference; explicitFileType = wrapper.cfbundle; includeInIndex = 0; path = freddyTests.xctest; sourceTree = BUILT_PRODUCTS_DIR; };
		8798938318B1A20300CEBDC6 /* XCTest.framework */ = {isa = PBXFileReference; lastKnownFileType = wrapper.framework; name = XCTest.framework; path = Library/Frameworks/XCTest.framework; sourceTree = DEVELOPER_DIR; };
		8798938B18B1A20300CEBDC6 /* freddyTests-Info.plist */ = {isa = PBXFileReference; lastKnownFileType = text.plist.xml; path = "freddyTests-Info.plist"; sourceTree = "<group>"; };
		8798938D18B1A20300CEBDC6 /* en */ = {isa = PBXFileReference; lastKnownFileType = text.plist.strings; name = en; path = en.lproj/InfoPlist.strings; sourceTree = "<group>"; };
		8798938F18B1A20300CEBDC6 /* freddyTests.m */ = {isa = PBXFileReference; lastKnownFileType = sourcecode.c.objc; path = freddyTests.m; sourceTree = "<group>"; };
		87A4AD5B18B2B54700E13638 /* RKFeedNavigationController.h */ = {isa = PBXFileReference; fileEncoding = 4; lastKnownFileType = sourcecode.c.h; path = RKFeedNavigationController.h; sourceTree = "<group>"; };
		87A4AD5C18B2B54700E13638 /* RKFeedNavigationController.m */ = {isa = PBXFileReference; fileEncoding = 4; lastKnownFileType = sourcecode.c.objc; path = RKFeedNavigationController.m; sourceTree = "<group>"; };
		906004C0F3644EB4AE5603DC /* Pods.xcconfig */ = {isa = PBXFileReference; includeInIndex = 1; lastKnownFileType = text.xcconfig; name = Pods.xcconfig; path = Pods/Pods.xcconfig; sourceTree = "<group>"; };
/* End PBXFileReference section */

/* Begin PBXFrameworksBuildPhase section */
		8798936418B1A20300CEBDC6 /* Frameworks */ = {
			isa = PBXFrameworksBuildPhase;
			buildActionMask = 2147483647;
			files = (
				8798936D18B1A20300CEBDC6 /* CoreGraphics.framework in Frameworks */,
				8798936F18B1A20300CEBDC6 /* UIKit.framework in Frameworks */,
				8798936B18B1A20300CEBDC6 /* Foundation.framework in Frameworks */,
				773DF55D54934D6B9D285AC2 /* libPods.a in Frameworks */,
			);
			runOnlyForDeploymentPostprocessing = 0;
		};
		8798937F18B1A20300CEBDC6 /* Frameworks */ = {
			isa = PBXFrameworksBuildPhase;
			buildActionMask = 2147483647;
			files = (
				8798938418B1A20300CEBDC6 /* XCTest.framework in Frameworks */,
				8798938618B1A20300CEBDC6 /* UIKit.framework in Frameworks */,
				8798938518B1A20300CEBDC6 /* Foundation.framework in Frameworks */,
				AFE473F85A384C289AB86E2B /* libPods-freddyTests.a in Frameworks */,
			);
			runOnlyForDeploymentPostprocessing = 0;
		};
/* End PBXFrameworksBuildPhase section */

/* Begin PBXGroup section */
		8798935E18B1A20300CEBDC6 = {
			isa = PBXGroup;
			children = (
				8798937018B1A20300CEBDC6 /* freddy */,
				8798938918B1A20300CEBDC6 /* freddyTests */,
				8798936918B1A20300CEBDC6 /* Frameworks */,
				8798936818B1A20300CEBDC6 /* Products */,
				906004C0F3644EB4AE5603DC /* Pods.xcconfig */,
				4EFA5F63BC1641CBBFACFA3C /* Pods-freddyTests.xcconfig */,
			);
			sourceTree = "<group>";
		};
		8798936818B1A20300CEBDC6 /* Products */ = {
			isa = PBXGroup;
			children = (
				8798936718B1A20300CEBDC6 /* freddy.app */,
				8798938218B1A20300CEBDC6 /* freddyTests.xctest */,
			);
			name = Products;
			sourceTree = "<group>";
		};
		8798936918B1A20300CEBDC6 /* Frameworks */ = {
			isa = PBXGroup;
			children = (
				8798936A18B1A20300CEBDC6 /* Foundation.framework */,
				8798936C18B1A20300CEBDC6 /* CoreGraphics.framework */,
				8798936E18B1A20300CEBDC6 /* UIKit.framework */,
				8798938318B1A20300CEBDC6 /* XCTest.framework */,
				29ABAC85B4014AD9BB6C3939 /* libPods.a */,
				5759B6A253464DA7BE34797B /* libPods-freddyTests.a */,
			);
			name = Frameworks;
			sourceTree = "<group>";
		};
		8798937018B1A20300CEBDC6 /* freddy */ = {
			isa = PBXGroup;
			children = (
				8798937918B1A20300CEBDC6 /* RKAppDelegate.h */,
				8798937A18B1A20300CEBDC6 /* RKAppDelegate.m */,
				87A4AD5A18B2B51500E13638 /* Feed */,
				8798937C18B1A20300CEBDC6 /* Images.xcassets */,
				8798937118B1A20300CEBDC6 /* Supporting Files */,
			);
			path = freddy;
			sourceTree = "<group>";
		};
		8798937118B1A20300CEBDC6 /* Supporting Files */ = {
			isa = PBXGroup;
			children = (
				8798937218B1A20300CEBDC6 /* freddy-Info.plist */,
				8798937318B1A20300CEBDC6 /* InfoPlist.strings */,
				8798937618B1A20300CEBDC6 /* main.m */,
				8798937818B1A20300CEBDC6 /* freddy-Prefix.pch */,
			);
			name = "Supporting Files";
			sourceTree = "<group>";
		};
		8798938918B1A20300CEBDC6 /* freddyTests */ = {
			isa = PBXGroup;
			children = (
				8798938F18B1A20300CEBDC6 /* freddyTests.m */,
				8798938A18B1A20300CEBDC6 /* Supporting Files */,
			);
			path = freddyTests;
			sourceTree = "<group>";
		};
		8798938A18B1A20300CEBDC6 /* Supporting Files */ = {
			isa = PBXGroup;
			children = (
				8798938B18B1A20300CEBDC6 /* freddyTests-Info.plist */,
				8798938C18B1A20300CEBDC6 /* InfoPlist.strings */,
			);
			name = "Supporting Files";
			sourceTree = "<group>";
		};
		87A4AD5A18B2B51500E13638 /* Feed */ = {
			isa = PBXGroup;
			children = (
				87A4AD5B18B2B54700E13638 /* RKFeedNavigationController.h */,
				87A4AD5C18B2B54700E13638 /* RKFeedNavigationController.m */,
				876EDA8818B32933005ABA24 /* RKFeedViewController.h */,
				876EDA8918B32933005ABA24 /* RKFeedViewController.m */,
				876EDA8B18B32B57005ABA24 /* RKFeedView.h */,
				876EDA8C18B32B57005ABA24 /* RKFeedView.m */,
			);
			name = Feed;
			sourceTree = "<group>";
		};
/* End PBXGroup section */

/* Begin PBXNativeTarget section */
		8798936618B1A20300CEBDC6 /* freddy */ = {
			isa = PBXNativeTarget;
			buildConfigurationList = 8798939318B1A20300CEBDC6 /* Build configuration list for PBXNativeTarget "freddy" */;
			buildPhases = (
				F60D5CBC49C24B73862CD5EE /* Check Pods Manifest.lock */,
				8798936318B1A20300CEBDC6 /* Sources */,
				8798936418B1A20300CEBDC6 /* Frameworks */,
				8798936518B1A20300CEBDC6 /* Resources */,
				EFF25F8F6D4C4A348AAA761B /* Copy Pods Resources */,
			);
			buildRules = (
			);
			dependencies = (
			);
			name = freddy;
			productName = freddy;
			productReference = 8798936718B1A20300CEBDC6 /* freddy.app */;
			productType = "com.apple.product-type.application";
		};
		8798938118B1A20300CEBDC6 /* freddyTests */ = {
			isa = PBXNativeTarget;
			buildConfigurationList = 8798939618B1A20300CEBDC6 /* Build configuration list for PBXNativeTarget "freddyTests" */;
			buildPhases = (
				395F46D90943432994179984 /* Check Pods Manifest.lock */,
				8798937E18B1A20300CEBDC6 /* Sources */,
				8798937F18B1A20300CEBDC6 /* Frameworks */,
				8798938018B1A20300CEBDC6 /* Resources */,
				9DBF3823AF854044B274238E /* Copy Pods Resources */,
			);
			buildRules = (
			);
			dependencies = (
				8798938818B1A20300CEBDC6 /* PBXTargetDependency */,
			);
			name = freddyTests;
			productName = freddyTests;
			productReference = 8798938218B1A20300CEBDC6 /* freddyTests.xctest */;
			productType = "com.apple.product-type.bundle.unit-test";
		};
/* End PBXNativeTarget section */

/* Begin PBXProject section */
		8798935F18B1A20300CEBDC6 /* Project object */ = {
			isa = PBXProject;
			attributes = {
				CLASSPREFIX = RK;
				LastUpgradeCheck = 0500;
				ORGANIZATIONNAME = rokob;
				TargetAttributes = {
					8798938118B1A20300CEBDC6 = {
						TestTargetID = 8798936618B1A20300CEBDC6;
					};
				};
			};
			buildConfigurationList = 8798936218B1A20300CEBDC6 /* Build configuration list for PBXProject "freddy" */;
			compatibilityVersion = "Xcode 3.2";
			developmentRegion = English;
			hasScannedForEncodings = 0;
			knownRegions = (
				en,
			);
			mainGroup = 8798935E18B1A20300CEBDC6;
			productRefGroup = 8798936818B1A20300CEBDC6 /* Products */;
			projectDirPath = "";
			projectRoot = "";
			targets = (
				8798936618B1A20300CEBDC6 /* freddy */,
				8798938118B1A20300CEBDC6 /* freddyTests */,
			);
		};
/* End PBXProject section */

/* Begin PBXResourcesBuildPhase section */
		8798936518B1A20300CEBDC6 /* Resources */ = {
			isa = PBXResourcesBuildPhase;
			buildActionMask = 2147483647;
			files = (
				8798937518B1A20300CEBDC6 /* InfoPlist.strings in Resources */,
				8798937D18B1A20300CEBDC6 /* Images.xcassets in Resources */,
			);
			runOnlyForDeploymentPostprocessing = 0;
		};
		8798938018B1A20300CEBDC6 /* Resources */ = {
			isa = PBXResourcesBuildPhase;
			buildActionMask = 2147483647;
			files = (
				8798938E18B1A20300CEBDC6 /* InfoPlist.strings in Resources */,
			);
			runOnlyForDeploymentPostprocessing = 0;
		};
/* End PBXResourcesBuildPhase section */

/* Begin PBXShellScriptBuildPhase section */
		395F46D90943432994179984 /* Check Pods Manifest.lock */ = {
			isa = PBXShellScriptBuildPhase;
			buildActionMask = 2147483647;
			files = (
			);
			inputPaths = (
			);
			name = "Check Pods Manifest.lock";
			outputPaths = (
			);
			runOnlyForDeploymentPostprocessing = 0;
			shellPath = /bin/sh;
			shellScript = "diff \"${PODS_ROOT}/../Podfile.lock\" \"${PODS_ROOT}/Manifest.lock\" > /dev/null\nif [[ $? != 0 ]] ; then\n    cat << EOM\nerror: The sandbox is not in sync with the Podfile.lock. Run 'pod install' or update your CocoaPods installation.\nEOM\n    exit 1\nfi\n";
			showEnvVarsInLog = 0;
		};
		9DBF3823AF854044B274238E /* Copy Pods Resources */ = {
			isa = PBXShellScriptBuildPhase;
			buildActionMask = 2147483647;
			files = (
			);
			inputPaths = (
			);
			name = "Copy Pods Resources";
			outputPaths = (
			);
			runOnlyForDeploymentPostprocessing = 0;
			shellPath = /bin/sh;
			shellScript = "\"${SRCROOT}/Pods/Pods-freddyTests-resources.sh\"\n";
			showEnvVarsInLog = 0;
		};
		EFF25F8F6D4C4A348AAA761B /* Copy Pods Resources */ = {
			isa = PBXShellScriptBuildPhase;
			buildActionMask = 2147483647;
			files = (
			);
			inputPaths = (
			);
			name = "Copy Pods Resources";
			outputPaths = (
			);
			runOnlyForDeploymentPostprocessing = 0;
			shellPath = /bin/sh;
			shellScript = "\"${SRCROOT}/Pods/Pods-resources.sh\"\n";
			showEnvVarsInLog = 0;
		};
		F60D5CBC49C24B73862CD5EE /* Check Pods Manifest.lock */ = {
			isa = PBXShellScriptBuildPhase;
			buildActionMask = 2147483647;
			files = (
			);
			inputPaths = (
			);
			name = "Check Pods Manifest.lock";
			outputPaths = (
			);
			runOnlyForDeploymentPostprocessing = 0;
			shellPath = /bin/sh;
			shellScript = "diff \"${PODS_ROOT}/../Podfile.lock\" \"${PODS_ROOT}/Manifest.lock\" > /dev/null\nif [[ $? != 0 ]] ; then\n    cat << EOM\nerror: The sandbox is not in sync with the Podfile.lock. Run 'pod install' or update your CocoaPods installation.\nEOM\n    exit 1\nfi\n";
			showEnvVarsInLog = 0;
		};
/* End PBXShellScriptBuildPhase section */

/* Begin PBXSourcesBuildPhase section */
		8798936318B1A20300CEBDC6 /* Sources */ = {
			isa = PBXSourcesBuildPhase;
			buildActionMask = 2147483647;
			files = (
				8798937718B1A20300CEBDC6 /* main.m in Sources */,
				876EDA8D18B32B57005ABA24 /* RKFeedView.m in Sources */,
				876EDA8A18B32933005ABA24 /* RKFeedViewController.m in Sources */,
				8798937B18B1A20300CEBDC6 /* RKAppDelegate.m in Sources */,
				87A4AD5D18B2B54700E13638 /* RKFeedNavigationController.m in Sources */,
			);
			runOnlyForDeploymentPostprocessing = 0;
		};
		8798937E18B1A20300CEBDC6 /* Sources */ = {
			isa = PBXSourcesBuildPhase;
			buildActionMask = 2147483647;
			files = (
				8798939018B1A20300CEBDC6 /* freddyTests.m in Sources */,
			);
			runOnlyForDeploymentPostprocessing = 0;
		};
/* End PBXSourcesBuildPhase section */

/* Begin PBXTargetDependency section */
		8798938818B1A20300CEBDC6 /* PBXTargetDependency */ = {
			isa = PBXTargetDependency;
			target = 8798936618B1A20300CEBDC6 /* freddy */;
			targetProxy = 8798938718B1A20300CEBDC6 /* PBXContainerItemProxy */;
		};
/* End PBXTargetDependency section */

/* Begin PBXVariantGroup section */
		8798937318B1A20300CEBDC6 /* InfoPlist.strings */ = {
			isa = PBXVariantGroup;
			children = (
				8798937418B1A20300CEBDC6 /* en */,
			);
			name = InfoPlist.strings;
			sourceTree = "<group>";
		};
		8798938C18B1A20300CEBDC6 /* InfoPlist.strings */ = {
			isa = PBXVariantGroup;
			children = (
				8798938D18B1A20300CEBDC6 /* en */,
			);
			name = InfoPlist.strings;
			sourceTree = "<group>";
		};
/* End PBXVariantGroup section */

/* Begin XCBuildConfiguration section */
		8798939118B1A20300CEBDC6 /* Debug */ = {
			isa = XCBuildConfiguration;
			buildSettings = {
				ALWAYS_SEARCH_USER_PATHS = NO;
				ARCHS = "$(ARCHS_STANDARD_INCLUDING_64_BIT)";
				CLANG_CXX_LANGUAGE_STANDARD = "c++0x";
				CLANG_CXX_LIBRARY = "libc++";
				CLANG_ENABLE_MODULES = YES;
				CLANG_ENABLE_OBJC_ARC = YES;
				CLANG_WARN_BOOL_CONVERSION = YES;
				CLANG_WARN_CONSTANT_CONVERSION = YES;
				CLANG_WARN_DIRECT_OBJC_ISA_USAGE = YES_ERROR;
				CLANG_WARN_EMPTY_BODY = YES;
				CLANG_WARN_ENUM_CONVERSION = YES;
				CLANG_WARN_INT_CONVERSION = YES;
				CLANG_WARN_OBJC_ROOT_CLASS = YES_ERROR;
				CLANG_WARN__DUPLICATE_METHOD_MATCH = YES;
				"CODE_SIGN_IDENTITY[sdk=iphoneos*]" = "iPhone Developer";
				COPY_PHASE_STRIP = NO;
				GCC_C_LANGUAGE_STANDARD = gnu99;
				GCC_DYNAMIC_NO_PIC = NO;
				GCC_OPTIMIZATION_LEVEL = 0;
				GCC_PREPROCESSOR_DEFINITIONS = (
					"DEBUG=1",
					"$(inherited)",
				);
				GCC_SYMBOLS_PRIVATE_EXTERN = NO;
				GCC_WARN_64_TO_32_BIT_CONVERSION = YES;
				GCC_WARN_ABOUT_RETURN_TYPE = YES_ERROR;
				GCC_WARN_UNDECLARED_SELECTOR = YES;
				GCC_WARN_UNINITIALIZED_AUTOS = YES;
				GCC_WARN_UNUSED_FUNCTION = YES;
				GCC_WARN_UNUSED_VARIABLE = YES;
				IPHONEOS_DEPLOYMENT_TARGET = 7.0;
				ONLY_ACTIVE_ARCH = YES;
				SDKROOT = iphoneos;
			};
			name = Debug;
		};
		8798939218B1A20300CEBDC6 /* Release */ = {
			isa = XCBuildConfiguration;
			buildSettings = {
				ALWAYS_SEARCH_USER_PATHS = NO;
				ARCHS = "$(ARCHS_STANDARD_INCLUDING_64_BIT)";
				CLANG_CXX_LANGUAGE_STANDARD = "c++0x";
				CLANG_CXX_LIBRARY = "libc++";
				CLANG_ENABLE_MODULES = YES;
				CLANG_ENABLE_OBJC_ARC = YES;
				CLANG_WARN_BOOL_CONVERSION = YES;
				CLANG_WARN_CONSTANT_CONVERSION = YES;
				CLANG_WARN_DIRECT_OBJC_ISA_USAGE = YES_ERROR;
				CLANG_WARN_EMPTY_BODY = YES;
				CLANG_WARN_ENUM_CONVERSION = YES;
				CLANG_WARN_INT_CONVERSION = YES;
				CLANG_WARN_OBJC_ROOT_CLASS = YES_ERROR;
				CLANG_WARN__DUPLICATE_METHOD_MATCH = YES;
				"CODE_SIGN_IDENTITY[sdk=iphoneos*]" = "iPhone Developer";
				COPY_PHASE_STRIP = YES;
				ENABLE_NS_ASSERTIONS = NO;
				GCC_C_LANGUAGE_STANDARD = gnu99;
				GCC_WARN_64_TO_32_BIT_CONVERSION = YES;
				GCC_WARN_ABOUT_RETURN_TYPE = YES_ERROR;
				GCC_WARN_UNDECLARED_SELECTOR = YES;
				GCC_WARN_UNINITIALIZED_AUTOS = YES;
				GCC_WARN_UNUSED_FUNCTION = YES;
				GCC_WARN_UNUSED_VARIABLE = YES;
				IPHONEOS_DEPLOYMENT_TARGET = 7.0;
				SDKROOT = iphoneos;
				VALIDATE_PRODUCT = YES;
			};
			name = Release;
		};
		8798939418B1A20300CEBDC6 /* Debug */ = {
			isa = XCBuildConfiguration;
			baseConfigurationReference = 906004C0F3644EB4AE5603DC /* Pods.xcconfig */;
			buildSettings = {
				ASSETCATALOG_COMPILER_APPICON_NAME = AppIcon;
				ASSETCATALOG_COMPILER_LAUNCHIMAGE_NAME = LaunchImage;
				GCC_PRECOMPILE_PREFIX_HEADER = YES;
				GCC_PREFIX_HEADER = "freddy/freddy-Prefix.pch";
				INFOPLIST_FILE = "freddy/freddy-Info.plist";
				PRODUCT_NAME = "$(TARGET_NAME)";
				WRAPPER_EXTENSION = app;
			};
			name = Debug;
		};
		8798939518B1A20300CEBDC6 /* Release */ = {
			isa = XCBuildConfiguration;
			baseConfigurationReference = 906004C0F3644EB4AE5603DC /* Pods.xcconfig */;
			buildSettings = {
				ASSETCATALOG_COMPILER_APPICON_NAME = AppIcon;
				ASSETCATALOG_COMPILER_LAUNCHIMAGE_NAME = LaunchImage;
				GCC_PRECOMPILE_PREFIX_HEADER = YES;
				GCC_PREFIX_HEADER = "freddy/freddy-Prefix.pch";
				INFOPLIST_FILE = "freddy/freddy-Info.plist";
				PRODUCT_NAME = "$(TARGET_NAME)";
				WRAPPER_EXTENSION = app;
			};
			name = Release;
		};
		8798939718B1A20300CEBDC6 /* Debug */ = {
			isa = XCBuildConfiguration;
			baseConfigurationReference = 4EFA5F63BC1641CBBFACFA3C /* Pods-freddyTests.xcconfig */;
			buildSettings = {
				ARCHS = "$(ARCHS_STANDARD_INCLUDING_64_BIT)";
				BUNDLE_LOADER = "$(BUILT_PRODUCTS_DIR)/freddy.app/freddy";
				FRAMEWORK_SEARCH_PATHS = (
					"$(SDKROOT)/Developer/Library/Frameworks",
					"$(inherited)",
					"$(DEVELOPER_FRAMEWORKS_DIR)",
				);
				GCC_PRECOMPILE_PREFIX_HEADER = YES;
				GCC_PREFIX_HEADER = "freddy/freddy-Prefix.pch";
				GCC_PREPROCESSOR_DEFINITIONS = (
					"DEBUG=1",
					"$(inherited)",
				);
				INFOPLIST_FILE = "freddyTests/freddyTests-Info.plist";
				PRODUCT_NAME = "$(TARGET_NAME)";
				TEST_HOST = "$(BUNDLE_LOADER)";
				WRAPPER_EXTENSION = xctest;
			};
			name = Debug;
		};
		8798939818B1A20300CEBDC6 /* Release */ = {
			isa = XCBuildConfiguration;
			baseConfigurationReference = 4EFA5F63BC1641CBBFACFA3C /* Pods-freddyTests.xcconfig */;
			buildSettings = {
				ARCHS = "$(ARCHS_STANDARD_INCLUDING_64_BIT)";
				BUNDLE_LOADER = "$(BUILT_PRODUCTS_DIR)/freddy.app/freddy";
				FRAMEWORK_SEARCH_PATHS = (
					"$(SDKROOT)/Developer/Library/Frameworks",
					"$(inherited)",
					"$(DEVELOPER_FRAMEWORKS_DIR)",
				);
				GCC_PRECOMPILE_PREFIX_HEADER = YES;
				GCC_PREFIX_HEADER = "freddy/freddy-Prefix.pch";
				INFOPLIST_FILE = "freddyTests/freddyTests-Info.plist";
				PRODUCT_NAME = "$(TARGET_NAME)";
				TEST_HOST = "$(BUNDLE_LOADER)";
				WRAPPER_EXTENSION = xctest;
			};
			name = Release;
		};
/* End XCBuildConfiguration section */

/* Begin XCConfigurationList section */
		8798936218B1A20300CEBDC6 /* Build configuration list for PBXProject "freddy" */ = {
			isa = XCConfigurationList;
			buildConfigurations = (
				8798939118B1A20300CEBDC6 /* Debug */,
				8798939218B1A20300CEBDC6 /* Release */,
			);
			defaultConfigurationIsVisible = 0;
			defaultConfigurationName = Release;
		};
		8798939318B1A20300CEBDC6 /* Build configuration list for PBXNativeTarget "freddy" */ = {
			isa = XCConfigurationList;
			buildConfigurations = (
				8798939418B1A20300CEBDC6 /* Debug */,
				8798939518B1A20300CEBDC6 /* Release */,
			);
			defaultConfigurationIsVisible = 0;
			defaultConfigurationName = Release;
		};
		8798939618B1A20300CEBDC6 /* Build configuration list for PBXNativeTarget "freddyTests" */ = {
			isa = XCConfigurationList;
			buildConfigurations = (
				8798939718B1A20300CEBDC6 /* Debug */,
				8798939818B1A20300CEBDC6 /* Release */,
			);
			defaultConfigurationIsVisible = 0;
			defaultConfigurationName = Release;
		};
/* End XCConfigurationList section */
	};
	rootObject = 8798935F18B1A20300CEBDC6 /* Project object */;
}
